
Microsoft Visual Studio Solution File, Format Version 11.00
# Visual Studio 2010
Project("{FAE04EC0-301F-11D3-BF4B-00C04F79EFBC}") = "FantasyMapCreatorFinal", "FantasyMapCreatorFinal\FantasyMapCreatorFinal.csproj", "{45979567-C114-43D5-920A-976222A94182}"
EndProject
Global
	GlobalSection(SolutionConfigurationPlatforms) = preSolution
		Debug|x86 = Debug|x86
		Release|x86 = Release|x86
	EndGlobalSection
	GlobalSection(ProjectConfigurationPlatforms) = postSolution
		{45979567-C114-43D5-920A-976222A94182}.Debug|x86.ActiveCfg = Debug|x86
		{45979567-C114-43D5-920A-976222A94182}.Debug|x86.Build.0 = Debug|x86
		{45979567-C114-43D5-920A-976222A94182}.Release|x86.ActiveCfg = Release|x86
		{45979567-C114-43D5-920A-976222A94182}.Release|x86.Build.0 = Release|x86
	EndGlobalSection
	GlobalSection(MonoDevelopProperties) = preSolution
		StartupItem = FantasyMapCreatorFinal\FantasyMapCreatorFinal.csproj
	EndGlobalSection
EndGlobal
